
Microsoft Visual Studio Solution File, Format Version 12.00
# Visual Studio Version 17
VisualStudioVersion = 17.11.35327.3
MinimumVisualStudioVersion = 10.0.40219.1
Project("{FAE04EC0-301F-11D3-BF4B-00C04F79EFBC}") = "UpRentTask", "UpRentTask\UpRentTask.csproj", "{8DA494E4-187A-4A8E-8AEB-1EA30F847C8D}"
EndProject
Project("{FAE04EC0-301F-11D3-BF4B-00C04F79EFBC}") = "UprentTask.Library", "UprentTask.Library\UprentTask.Library.csproj", "{F3FC9931-3683-4314-A8AA-83D0F3F64BAF}"
EndProject
Project("{FAE04EC0-301F-11D3-BF4B-00C04F79EFBC}") = "UpRentTask.DataAccess", "UpRentTask.DataAccess\UpRentTask.DataAccess.csproj", "{D3E52CE2-723A-492E-9E23-E0FE89436CB9}"
EndProject
Global
	GlobalSection(SolutionConfigurationPlatforms) = preSolution
		Debug|Any CPU = Debug|Any CPU
		Release|Any CPU = Release|Any CPU
	EndGlobalSection
	GlobalSection(ProjectConfigurationPlatforms) = postSolution
		{8DA494E4-187A-4A8E-8AEB-1EA30F847C8D}.Debug|Any CPU.ActiveCfg = Debug|Any CPU
		{8DA494E4-187A-4A8E-8AEB-1EA30F847C8D}.Debug|Any CPU.Build.0 = Debug|Any CPU
		{8DA494E4-187A-4A8E-8AEB-1EA30F847C8D}.Release|Any CPU.ActiveCfg = Release|Any CPU
		{8DA494E4-187A-4A8E-8AEB-1EA30F847C8D}.Release|Any CPU.Build.0 = Release|Any CPU
		{F3FC9931-3683-4314-A8AA-83D0F3F64BAF}.Debug|Any CPU.ActiveCfg = Debug|Any CPU
		{F3FC9931-3683-4314-A8AA-83D0F3F64BAF}.Debug|Any CPU.Build.0 = Debug|Any CPU
		{F3FC9931-3683-4314-A8AA-83D0F3F64BAF}.Release|Any CPU.ActiveCfg = Release|Any CPU
		{F3FC9931-3683-4314-A8AA-83D0F3F64BAF}.Release|Any CPU.Build.0 = Release|Any CPU
		{D3E52CE2-723A-492E-9E23-E0FE89436CB9}.Debug|Any CPU.ActiveCfg = Debug|Any CPU
		{D3E52CE2-723A-492E-9E23-E0FE89436CB9}.Debug|Any CPU.Build.0 = Debug|Any CPU
		{D3E52CE2-723A-492E-9E23-E0FE89436CB9}.Release|Any CPU.ActiveCfg = Release|Any CPU
		{D3E52CE2-723A-492E-9E23-E0FE89436CB9}.Release|Any CPU.Build.0 = Release|Any CPU
	EndGlobalSection
	GlobalSection(SolutionProperties) = preSolution
		HideSolutionNode = FALSE
	EndGlobalSection
	GlobalSection(ExtensibilityGlobals) = postSolution
		SolutionGuid = {A08642AB-C27A-4A53-9A21-1230D45F58ED}
	EndGlobalSection
EndGlobal
